
Microsoft Visual Studio Solution File, Format Version 12.00
# Visual Studio Version 17
VisualStudioVersion = 17.11.35327.3
MinimumVisualStudioVersion = 10.0.40219.1
Project("{9A19103F-16F7-4668-BE54-9A1E7A4F7556}") = "iPhonePackager", "iPhonePackager.csproj", "{B2F879DF-8BE3-47B7-8B14-AAB6F4A1B75D}"
EndProject
Global
	GlobalSection(SolutionConfigurationPlatforms) = preSolution
		Debug|Any CPU = Debug|Any CPU
		Development|Any CPU = Development|Any CPU
	EndGlobalSection
	GlobalSection(ProjectConfigurationPlatforms) = postSolution
		{B2F879DF-8BE3-47B7-8B14-AAB6F4A1B75D}.Debug|Any CPU.ActiveCfg = Debug|Any CPU
		{B2F879DF-8BE3-47B7-8B14-AAB6F4A1B75D}.Debug|Any CPU.Build.0 = Debug|Any CPU
		{B2F879DF-8BE3-47B7-8B14-AAB6F4A1B75D}.Development|Any CPU.ActiveCfg = Development|Any CPU
		{B2F879DF-8BE3-47B7-8B14-AAB6F4A1B75D}.Development|Any CPU.Build.0 = Development|Any CPU
	EndGlobalSection
	GlobalSection(SolutionProperties) = preSolution
		HideSolutionNode = FALSE
	EndGlobalSection
	GlobalSection(ExtensibilityGlobals) = postSolution
		SolutionGuid = {BC24E922-F88E-4227-9F2B-75DEEFC3D9C0}
	EndGlobalSection
EndGlobal
